
Microsoft Visual Studio Solution File, Format Version 12.00
# Visual Studio Version 16
VisualStudioVersion = 16.0.31613.86
MinimumVisualStudioVersion = 10.0.40219.1
Project("{9A19103F-16F7-4668-BE54-9A1E7A4F7556}") = "hexaGonalClient", "hexaGonalClient\hexaGonalClient.csproj", "{77E94775-9689-4B5B-BC0A-1809E5ADB7F4}"
EndProject
Global
	GlobalSection(SolutionConfigurationPlatforms) = preSolution
		Debug|Any CPU = Debug|Any CPU
		Release|Any CPU = Release|Any CPU
	EndGlobalSection
	GlobalSection(ProjectConfigurationPlatforms) = postSolution
		{77E94775-9689-4B5B-BC0A-1809E5ADB7F4}.Debug|Any CPU.ActiveCfg = Debug|Any CPU
		{77E94775-9689-4B5B-BC0A-1809E5ADB7F4}.Debug|Any CPU.Build.0 = Debug|Any CPU
		{77E94775-9689-4B5B-BC0A-1809E5ADB7F4}.Release|Any CPU.ActiveCfg = Release|Any CPU
		{77E94775-9689-4B5B-BC0A-1809E5ADB7F4}.Release|Any CPU.Build.0 = Release|Any CPU
	EndGlobalSection
	GlobalSection(SolutionProperties) = preSolution
		HideSolutionNode = FALSE
	EndGlobalSection
	GlobalSection(ExtensibilityGlobals) = postSolution
		SolutionGuid = {CAC0E93D-2920-47D9-B0C0-CCFDDE06FA7F}
	EndGlobalSection
EndGlobal
